
Microsoft Visual Studio Solution File, Format Version 12.00
# Visual Studio Version 17
VisualStudioVersion = 17.11.35303.130
MinimumVisualStudioVersion = 10.0.40219.1
Project("{FAE04EC0-301F-11D3-BF4B-00C04F79EFBC}") = "Testing.Example", "Testing.Example\Testing.Example.csproj", "{B3760838-E506-422E-9C17-5483EB62896D}"
EndProject
Project("{FAE04EC0-301F-11D3-BF4B-00C04F79EFBC}") = "Testing.Example.Test", "Testing.Example.Test\Testing.Example.Test.csproj", "{F62BBCB1-84E3-4F26-8BA5-690D832F6EA2}"
EndProject
Global
	GlobalSection(SolutionConfigurationPlatforms) = preSolution
		Debug|Any CPU = Debug|Any CPU
		Release|Any CPU = Release|Any CPU
	EndGlobalSection
	GlobalSection(ProjectConfigurationPlatforms) = postSolution
		{B3760838-E506-422E-9C17-5483EB62896D}.Debug|Any CPU.ActiveCfg = Debug|Any CPU
		{B3760838-E506-422E-9C17-5483EB62896D}.Debug|Any CPU.Build.0 = Debug|Any CPU
		{B3760838-E506-422E-9C17-5483EB62896D}.Release|Any CPU.ActiveCfg = Release|Any CPU
		{B3760838-E506-422E-9C17-5483EB62896D}.Release|Any CPU.Build.0 = Release|Any CPU
		{F62BBCB1-84E3-4F26-8BA5-690D832F6EA2}.Debug|Any CPU.ActiveCfg = Debug|Any CPU
		{F62BBCB1-84E3-4F26-8BA5-690D832F6EA2}.Debug|Any CPU.Build.0 = Debug|Any CPU
		{F62BBCB1-84E3-4F26-8BA5-690D832F6EA2}.Release|Any CPU.ActiveCfg = Release|Any CPU
		{F62BBCB1-84E3-4F26-8BA5-690D832F6EA2}.Release|Any CPU.Build.0 = Release|Any CPU
	EndGlobalSection
	GlobalSection(SolutionProperties) = preSolution
		HideSolutionNode = FALSE
	EndGlobalSection
	GlobalSection(ExtensibilityGlobals) = postSolution
		SolutionGuid = {0538DC80-3E56-4D29-B166-43278DDBBDA2}
	EndGlobalSection
EndGlobal
